
Microsoft Visual Studio Solution File, Format Version 12.00
# Visual Studio 2015
Project("{FAE04EC0-301F-11D3-BF4B-00C04F79EFBC}") = "2016-02-24_OptiTango.CSharp", "2016-02-24_OptiTango.CSharp.csproj", "{83530928-84E4-4BCE-BCFF-E21FA290FA70}"
EndProject
Project("{FAE04EC0-301F-11D3-BF4B-00C04F79EFBC}") = "2016-02-24_OptiTango.CSharp.Editor", "2016-02-24_OptiTango.CSharp.Editor.csproj", "{EDF63DC5-B4B9-1F89-E483-181B5CDD68BE}"
EndProject
Global
	GlobalSection(SolutionConfigurationPlatforms) = preSolution
		Debug|Any CPU = Debug|Any CPU
		Release|Any CPU = Release|Any CPU
	EndGlobalSection
	GlobalSection(ProjectConfigurationPlatforms) = postSolution
		{83530928-84E4-4BCE-BCFF-E21FA290FA70}.Debug|Any CPU.ActiveCfg = Debug|Any CPU
		{83530928-84E4-4BCE-BCFF-E21FA290FA70}.Debug|Any CPU.Build.0 = Debug|Any CPU
		{83530928-84E4-4BCE-BCFF-E21FA290FA70}.Release|Any CPU.ActiveCfg = Release|Any CPU
		{83530928-84E4-4BCE-BCFF-E21FA290FA70}.Release|Any CPU.Build.0 = Release|Any CPU
		{EDF63DC5-B4B9-1F89-E483-181B5CDD68BE}.Debug|Any CPU.ActiveCfg = Debug|Any CPU
		{EDF63DC5-B4B9-1F89-E483-181B5CDD68BE}.Debug|Any CPU.Build.0 = Debug|Any CPU
		{EDF63DC5-B4B9-1F89-E483-181B5CDD68BE}.Release|Any CPU.ActiveCfg = Release|Any CPU
		{EDF63DC5-B4B9-1F89-E483-181B5CDD68BE}.Release|Any CPU.Build.0 = Release|Any CPU
	EndGlobalSection
	GlobalSection(SolutionProperties) = preSolution
		HideSolutionNode = FALSE
	EndGlobalSection
EndGlobal
